
Microsoft Visual Studio Solution File, Format Version 12.00
# Visual Studio 2013
VisualStudioVersion = 12.0.31101.0
MinimumVisualStudioVersion = 10.0.40219.1
Project("{FAE04EC0-301F-11D3-BF4B-00C04F79EFBC}") = "AcademicInfoManagementSystem", "AcademicInfoManagementSystem\AcademicInfoManagementSystem.csproj", "{98B4CEB8-C90B-4FD5-949B-EDCA19898F89}"
EndProject
Project("{FAE04EC0-301F-11D3-BF4B-00C04F79EFBC}") = "BusinessLogic", "BusinessLogic\BusinessLogic.csproj", "{7CB1F73E-D6AA-446E-8BD8-A07A87B89755}"
EndProject
Project("{FAE04EC0-301F-11D3-BF4B-00C04F79EFBC}") = "DatabaseEngine", "DatabaseEngine\DatabaseEngine.csproj", "{6B65785F-465A-4A63-8F0C-104A567B9E87}"
EndProject
Project("{FAE04EC0-301F-11D3-BF4B-00C04F79EFBC}") = "DatabaseTests", "DatabaseTests\DatabaseTests.csproj", "{174075A8-D833-4733-A000-8CDF208AC04A}"
EndProject
Global
	GlobalSection(SolutionConfigurationPlatforms) = preSolution
		Debug|Any CPU = Debug|Any CPU
		Debug|ARM = Debug|ARM
		Debug|x64 = Debug|x64
		Debug|x86 = Debug|x86
		Release|Any CPU = Release|Any CPU
		Release|ARM = Release|ARM
		Release|x64 = Release|x64
		Release|x86 = Release|x86
	EndGlobalSection
	GlobalSection(ProjectConfigurationPlatforms) = postSolution
		{98B4CEB8-C90B-4FD5-949B-EDCA19898F89}.Debug|Any CPU.ActiveCfg = Debug|Any CPU
		{98B4CEB8-C90B-4FD5-949B-EDCA19898F89}.Debug|Any CPU.Build.0 = Debug|Any CPU
		{98B4CEB8-C90B-4FD5-949B-EDCA19898F89}.Debug|ARM.ActiveCfg = Debug|Any CPU
		{98B4CEB8-C90B-4FD5-949B-EDCA19898F89}.Debug|x64.ActiveCfg = Debug|Any CPU
		{98B4CEB8-C90B-4FD5-949B-EDCA19898F89}.Debug|x86.ActiveCfg = Debug|Any CPU
		{98B4CEB8-C90B-4FD5-949B-EDCA19898F89}.Release|Any CPU.ActiveCfg = Release|Any CPU
		{98B4CEB8-C90B-4FD5-949B-EDCA19898F89}.Release|Any CPU.Build.0 = Release|Any CPU
		{98B4CEB8-C90B-4FD5-949B-EDCA19898F89}.Release|ARM.ActiveCfg = Release|Any CPU
		{98B4CEB8-C90B-4FD5-949B-EDCA19898F89}.Release|x64.ActiveCfg = Release|Any CPU
		{98B4CEB8-C90B-4FD5-949B-EDCA19898F89}.Release|x86.ActiveCfg = Release|Any CPU
		{7CB1F73E-D6AA-446E-8BD8-A07A87B89755}.Debug|Any CPU.ActiveCfg = Debug|Any CPU
		{7CB1F73E-D6AA-446E-8BD8-A07A87B89755}.Debug|Any CPU.Build.0 = Debug|Any CPU
		{7CB1F73E-D6AA-446E-8BD8-A07A87B89755}.Debug|ARM.ActiveCfg = Debug|Any CPU
		{7CB1F73E-D6AA-446E-8BD8-A07A87B89755}.Debug|x64.ActiveCfg = Debug|Any CPU
		{7CB1F73E-D6AA-446E-8BD8-A07A87B89755}.Debug|x86.ActiveCfg = Debug|Any CPU
		{7CB1F73E-D6AA-446E-8BD8-A07A87B89755}.Release|Any CPU.ActiveCfg = Release|Any CPU
		{7CB1F73E-D6AA-446E-8BD8-A07A87B89755}.Release|Any CPU.Build.0 = Release|Any CPU
		{7CB1F73E-D6AA-446E-8BD8-A07A87B89755}.Release|ARM.ActiveCfg = Release|Any CPU
		{7CB1F73E-D6AA-446E-8BD8-A07A87B89755}.Release|x64.ActiveCfg = Release|Any CPU
		{7CB1F73E-D6AA-446E-8BD8-A07A87B89755}.Release|x86.ActiveCfg = Release|Any CPU
		{6B65785F-465A-4A63-8F0C-104A567B9E87}.Debug|Any CPU.ActiveCfg = Debug|Any CPU
		{6B65785F-465A-4A63-8F0C-104A567B9E87}.Debug|Any CPU.Build.0 = Debug|Any CPU
		{6B65785F-465A-4A63-8F0C-104A567B9E87}.Debug|ARM.ActiveCfg = Debug|Any CPU
		{6B65785F-465A-4A63-8F0C-104A567B9E87}.Debug|x64.ActiveCfg = Debug|Any CPU
		{6B65785F-465A-4A63-8F0C-104A567B9E87}.Debug|x86.ActiveCfg = Debug|Any CPU
		{6B65785F-465A-4A63-8F0C-104A567B9E87}.Release|Any CPU.ActiveCfg = Release|Any CPU
		{6B65785F-465A-4A63-8F0C-104A567B9E87}.Release|Any CPU.Build.0 = Release|Any CPU
		{6B65785F-465A-4A63-8F0C-104A567B9E87}.Release|ARM.ActiveCfg = Release|Any CPU
		{6B65785F-465A-4A63-8F0C-104A567B9E87}.Release|x64.ActiveCfg = Release|Any CPU
		{6B65785F-465A-4A63-8F0C-104A567B9E87}.Release|x86.ActiveCfg = Release|Any CPU
		{174075A8-D833-4733-A000-8CDF208AC04A}.Debug|Any CPU.ActiveCfg = Debug|Any CPU
		{174075A8-D833-4733-A000-8CDF208AC04A}.Debug|Any CPU.Build.0 = Debug|Any CPU
		{174075A8-D833-4733-A000-8CDF208AC04A}.Debug|ARM.ActiveCfg = Debug|Any CPU
		{174075A8-D833-4733-A000-8CDF208AC04A}.Debug|x64.ActiveCfg = Debug|Any CPU
		{174075A8-D833-4733-A000-8CDF208AC04A}.Debug|x86.ActiveCfg = Debug|Any CPU
		{174075A8-D833-4733-A000-8CDF208AC04A}.Release|Any CPU.ActiveCfg = Release|Any CPU
		{174075A8-D833-4733-A000-8CDF208AC04A}.Release|Any CPU.Build.0 = Release|Any CPU
		{174075A8-D833-4733-A000-8CDF208AC04A}.Release|ARM.ActiveCfg = Release|Any CPU
		{174075A8-D833-4733-A000-8CDF208AC04A}.Release|x64.ActiveCfg = Release|Any CPU
		{174075A8-D833-4733-A000-8CDF208AC04A}.Release|x86.ActiveCfg = Release|Any CPU
	EndGlobalSection
	GlobalSection(SolutionProperties) = preSolution
		HideSolutionNode = FALSE
	EndGlobalSection
EndGlobal
